
Microsoft Visual Studio Solution File, Format Version 12.00
# Visual Studio 15
VisualStudioVersion = 15.0.27130.2026
MinimumVisualStudioVersion = 10.0.40219.1
Project("{FAE04EC0-301F-11D3-BF4B-00C04F79EFBC}") = "AppShortcutsTests.Android", "AppShortcutsTests.Android\AppShortcutsTests.Android.csproj", "{B63F1317-6FE7-4361-B141-2AF47694E2FE}"
EndProject
Project("{FAE04EC0-301F-11D3-BF4B-00C04F79EFBC}") = "AppShortcutsTests.iOS", "AppShortcutsTests.iOS\AppShortcutsTests.iOS.csproj", "{34659554-ACCD-4DD1-A96D-88F264AA9405}"
EndProject
Project("{FAE04EC0-301F-11D3-BF4B-00C04F79EFBC}") = "AppShortcutsTests", "AppShortcutsTests\AppShortcutsTests.csproj", "{0349403A-758D-41C6-B308-CA9F6B540E7B}"
EndProject
Project("{2150E333-8FDC-42A3-9474-1A3956D46DE8}") = "Solution Items", "Solution Items", "{D42E15DD-0527-4958-BC58-2BCBBAA7E671}"
	ProjectSection(SolutionItems) = preProject
		..\nuget\Plugin.nuspec = ..\nuget\Plugin.nuspec
	EndProjectSection
EndProject
Project("{2150E333-8FDC-42A3-9474-1A3956D46DE8}") = "Plugin", "Plugin", "{357FF356-22CB-4A6A-90EA-7CDDC64F5FDF}"
EndProject
Project("{FAE04EC0-301F-11D3-BF4B-00C04F79EFBC}") = "Plugin.AppShortcuts", "..\src\Plugin.AppShortcuts\Plugin.AppShortcuts.csproj", "{8953CDFB-BDA6-4753-8DA5-AA7BD00B942E}"
EndProject
Project("{FAE04EC0-301F-11D3-BF4B-00C04F79EFBC}") = "Plugin.AppShortcuts.Abstractions", "..\src\Plugin.AppShortcuts.Abstractions\Plugin.AppShortcuts.Abstractions.csproj", "{AA4E04F0-3E7B-4E85-B1C6-8AC087662EF1}"
EndProject
Project("{FAE04EC0-301F-11D3-BF4B-00C04F79EFBC}") = "Plugin.AppShortcuts.Android", "..\src\Plugin.AppShortcuts.Android\Plugin.AppShortcuts.Android.csproj", "{51E4DB26-7D3B-4666-897C-FB58C89F084F}"
EndProject
Project("{FAE04EC0-301F-11D3-BF4B-00C04F79EFBC}") = "Plugin.AppShortcuts.iOS", "..\src\Plugin.AppShortcuts.iOS\Plugin.AppShortcuts.iOS.csproj", "{0B287578-A6D1-4ECC-9DA9-B5C85FC01EB8}"
EndProject
Project("{D954291E-2A0B-460D-934E-DC6B0785DB48}") = "Plugin.AppShortcuts.Shared", "..\src\Plugin.AppShortcuts.Shared\Plugin.AppShortcuts.Shared.shproj", "{60966676-7A18-4295-96E7-92295F8A61E6}"
EndProject
Global
	GlobalSection(SharedMSBuildProjectFiles) = preSolution
		..\src\Plugin.AppShortcuts.Shared\Plugin.AppShortcuts.Shared.projitems*{0b287578-a6d1-4ecc-9da9-b5c85fc01eb8}*SharedItemsImports = 4
		..\src\Plugin.AppShortcuts.Shared\Plugin.AppShortcuts.Shared.projitems*{51e4db26-7d3b-4666-897c-fb58c89f084f}*SharedItemsImports = 4
		..\src\Plugin.AppShortcuts.Shared\Plugin.AppShortcuts.Shared.projitems*{60966676-7a18-4295-96e7-92295f8a61e6}*SharedItemsImports = 13
	EndGlobalSection
	GlobalSection(SolutionConfigurationPlatforms) = preSolution
		Ad-Hoc|Any CPU = Ad-Hoc|Any CPU
		Ad-Hoc|iPhone = Ad-Hoc|iPhone
		Ad-Hoc|iPhoneSimulator = Ad-Hoc|iPhoneSimulator
		AppStore|Any CPU = AppStore|Any CPU
		AppStore|iPhone = AppStore|iPhone
		AppStore|iPhoneSimulator = AppStore|iPhoneSimulator
		Debug|Any CPU = Debug|Any CPU
		Debug|iPhone = Debug|iPhone
		Debug|iPhoneSimulator = Debug|iPhoneSimulator
		Release|Any CPU = Release|Any CPU
		Release|iPhone = Release|iPhone
		Release|iPhoneSimulator = Release|iPhoneSimulator
	EndGlobalSection
	GlobalSection(ProjectConfigurationPlatforms) = postSolution
		{B63F1317-6FE7-4361-B141-2AF47694E2FE}.Ad-Hoc|Any CPU.ActiveCfg = Release|Any CPU
		{B63F1317-6FE7-4361-B141-2AF47694E2FE}.Ad-Hoc|Any CPU.Build.0 = Release|Any CPU
		{B63F1317-6FE7-4361-B141-2AF47694E2FE}.Ad-Hoc|Any CPU.Deploy.0 = Release|Any CPU
		{B63F1317-6FE7-4361-B141-2AF47694E2FE}.Ad-Hoc|iPhone.ActiveCfg = Release|Any CPU
		{B63F1317-6FE7-4361-B141-2AF47694E2FE}.Ad-Hoc|iPhone.Build.0 = Release|Any CPU
		{B63F1317-6FE7-4361-B141-2AF47694E2FE}.Ad-Hoc|iPhone.Deploy.0 = Release|Any CPU
		{B63F1317-6FE7-4361-B141-2AF47694E2FE}.Ad-Hoc|iPhoneSimulator.ActiveCfg = Release|Any CPU
		{B63F1317-6FE7-4361-B141-2AF47694E2FE}.Ad-Hoc|iPhoneSimulator.Build.0 = Release|Any CPU
		{B63F1317-6FE7-4361-B141-2AF47694E2FE}.Ad-Hoc|iPhoneSimulator.Deploy.0 = Release|Any CPU
		{B63F1317-6FE7-4361-B141-2AF47694E2FE}.AppStore|Any CPU.ActiveCfg = Release|Any CPU
		{B63F1317-6FE7-4361-B141-2AF47694E2FE}.AppStore|Any CPU.Build.0 = Release|Any CPU
		{B63F1317-6FE7-4361-B141-2AF47694E2FE}.AppStore|Any CPU.Deploy.0 = Release|Any CPU
		{B63F1317-6FE7-4361-B141-2AF47694E2FE}.AppStore|iPhone.ActiveCfg = Release|Any CPU
		{B63F1317-6FE7-4361-B141-2AF47694E2FE}.AppStore|iPhone.Build.0 = Release|Any CPU
		{B63F1317-6FE7-4361-B141-2AF47694E2FE}.AppStore|iPhone.Deploy.0 = Release|Any CPU
		{B63F1317-6FE7-4361-B141-2AF47694E2FE}.AppStore|iPhoneSimulator.ActiveCfg = Release|Any CPU
		{B63F1317-6FE7-4361-B141-2AF47694E2FE}.AppStore|iPhoneSimulator.Build.0 = Release|Any CPU
		{B63F1317-6FE7-4361-B141-2AF47694E2FE}.AppStore|iPhoneSimulator.Deploy.0 = Release|Any CPU
		{B63F1317-6FE7-4361-B141-2AF47694E2FE}.Debug|Any CPU.ActiveCfg = Debug|Any CPU
		{B63F1317-6FE7-4361-B141-2AF47694E2FE}.Debug|Any CPU.Build.0 = Debug|Any CPU
		{B63F1317-6FE7-4361-B141-2AF47694E2FE}.Debug|Any CPU.Deploy.0 = Debug|Any CPU
		{B63F1317-6FE7-4361-B141-2AF47694E2FE}.Debug|iPhone.ActiveCfg = Debug|Any CPU
		{B63F1317-6FE7-4361-B141-2AF47694E2FE}.Debug|iPhone.Build.0 = Debug|Any CPU
		{B63F1317-6FE7-4361-B141-2AF47694E2FE}.Debug|iPhone.Deploy.0 = Debug|Any CPU
		{B63F1317-6FE7-4361-B141-2AF47694E2FE}.Debug|iPhoneSimulator.ActiveCfg = Debug|Any CPU
		{B63F1317-6FE7-4361-B141-2AF47694E2FE}.Debug|iPhoneSimulator.Build.0 = Debug|Any CPU
		{B63F1317-6FE7-4361-B141-2AF47694E2FE}.Debug|iPhoneSimulator.Deploy.0 = Debug|Any CPU
		{B63F1317-6FE7-4361-B141-2AF47694E2FE}.Release|Any CPU.ActiveCfg = Release|Any CPU
		{B63F1317-6FE7-4361-B141-2AF47694E2FE}.Release|Any CPU.Build.0 = Release|Any CPU
		{B63F1317-6FE7-4361-B141-2AF47694E2FE}.Release|Any CPU.Deploy.0 = Release|Any CPU
		{B63F1317-6FE7-4361-B141-2AF47694E2FE}.Release|iPhone.ActiveCfg = Release|Any CPU
		{B63F1317-6FE7-4361-B141-2AF47694E2FE}.Release|iPhone.Build.0 = Release|Any CPU
		{B63F1317-6FE7-4361-B141-2AF47694E2FE}.Release|iPhone.Deploy.0 = Release|Any CPU
		{B63F1317-6FE7-4361-B141-2AF47694E2FE}.Release|iPhoneSimulator.ActiveCfg = Release|Any CPU
		{B63F1317-6FE7-4361-B141-2AF47694E2FE}.Release|iPhoneSimulator.Build.0 = Release|Any CPU
		{B63F1317-6FE7-4361-B141-2AF47694E2FE}.Release|iPhoneSimulator.Deploy.0 = Release|Any CPU
		{34659554-ACCD-4DD1-A96D-88F264AA9405}.Ad-Hoc|Any CPU.ActiveCfg = Ad-Hoc|iPhone
		{34659554-ACCD-4DD1-A96D-88F264AA9405}.Ad-Hoc|iPhone.ActiveCfg = Ad-Hoc|iPhone
		{34659554-ACCD-4DD1-A96D-88F264AA9405}.Ad-Hoc|iPhone.Build.0 = Ad-Hoc|iPhone
		{34659554-ACCD-4DD1-A96D-88F264AA9405}.Ad-Hoc|iPhoneSimulator.ActiveCfg = Ad-Hoc|iPhoneSimulator
		{34659554-ACCD-4DD1-A96D-88F264AA9405}.Ad-Hoc|iPhoneSimulator.Build.0 = Ad-Hoc|iPhoneSimulator
		{34659554-ACCD-4DD1-A96D-88F264AA9405}.AppStore|Any CPU.ActiveCfg = AppStore|iPhone
		{34659554-ACCD-4DD1-A96D-88F264AA9405}.AppStore|iPhone.ActiveCfg = AppStore|iPhone
		{34659554-ACCD-4DD1-A96D-88F264AA9405}.AppStore|iPhone.Build.0 = AppStore|iPhone
		{34659554-ACCD-4DD1-A96D-88F264AA9405}.AppStore|iPhoneSimulator.ActiveCfg = AppStore|iPhoneSimulator
		{34659554-ACCD-4DD1-A96D-88F264AA9405}.AppStore|iPhoneSimulator.Build.0 = AppStore|iPhoneSimulator
		{34659554-ACCD-4DD1-A96D-88F264AA9405}.Debug|Any CPU.ActiveCfg = Debug|iPhone
		{34659554-ACCD-4DD1-A96D-88F264AA9405}.Debug|Any CPU.Build.0 = Debug|iPhone
		{34659554-ACCD-4DD1-A96D-88F264AA9405}.Debug|iPhone.ActiveCfg = Debug|iPhone
		{34659554-ACCD-4DD1-A96D-88F264AA9405}.Debug|iPhone.Build.0 = Debug|iPhone
		{34659554-ACCD-4DD1-A96D-88F264AA9405}.Debug|iPhoneSimulator.ActiveCfg = Debug|iPhoneSimulator
		{34659554-ACCD-4DD1-A96D-88F264AA9405}.Debug|iPhoneSimulator.Build.0 = Debug|iPhoneSimulator
		{34659554-ACCD-4DD1-A96D-88F264AA9405}.Release|Any CPU.ActiveCfg = Release|iPhone
		{34659554-ACCD-4DD1-A96D-88F264AA9405}.Release|iPhone.ActiveCfg = Release|iPhone
		{34659554-ACCD-4DD1-A96D-88F264AA9405}.Release|iPhone.Build.0 = Release|iPhone
		{34659554-ACCD-4DD1-A96D-88F264AA9405}.Release|iPhoneSimulator.ActiveCfg = Release|iPhoneSimulator
		{34659554-ACCD-4DD1-A96D-88F264AA9405}.Release|iPhoneSimulator.Build.0 = Release|iPhoneSimulator
		{0349403A-758D-41C6-B308-CA9F6B540E7B}.Ad-Hoc|Any CPU.ActiveCfg = Debug|Any CPU
		{0349403A-758D-41C6-B308-CA9F6B540E7B}.Ad-Hoc|Any CPU.Build.0 = Debug|Any CPU
		{0349403A-758D-41C6-B308-CA9F6B540E7B}.Ad-Hoc|iPhone.ActiveCfg = Debug|Any CPU
		{0349403A-758D-41C6-B308-CA9F6B540E7B}.Ad-Hoc|iPhone.Build.0 = Debug|Any CPU
		{0349403A-758D-41C6-B308-CA9F6B540E7B}.Ad-Hoc|iPhoneSimulator.ActiveCfg = Debug|Any CPU
		{0349403A-758D-41C6-B308-CA9F6B540E7B}.Ad-Hoc|iPhoneSimulator.Build.0 = Debug|Any CPU
		{0349403A-758D-41C6-B308-CA9F6B540E7B}.AppStore|Any CPU.ActiveCfg = Debug|Any CPU
		{0349403A-758D-41C6-B308-CA9F6B540E7B}.AppStore|Any CPU.Build.0 = Debug|Any CPU
		{0349403A-758D-41C6-B308-CA9F6B540E7B}.AppStore|iPhone.ActiveCfg = Debug|Any CPU
		{0349403A-758D-41C6-B308-CA9F6B540E7B}.AppStore|iPhone.Build.0 = Debug|Any CPU
		{0349403A-758D-41C6-B308-CA9F6B540E7B}.AppStore|iPhoneSimulator.ActiveCfg = Debug|Any CPU
		{0349403A-758D-41C6-B308-CA9F6B540E7B}.AppStore|iPhoneSimulator.Build.0 = Debug|Any CPU
		{0349403A-758D-41C6-B308-CA9F6B540E7B}.Debug|Any CPU.ActiveCfg = Debug|Any CPU
		{0349403A-758D-41C6-B308-CA9F6B540E7B}.Debug|Any CPU.Build.0 = Debug|Any CPU
		{0349403A-758D-41C6-B308-CA9F6B540E7B}.Debug|iPhone.ActiveCfg = Debug|Any CPU
		{0349403A-758D-41C6-B308-CA9F6B540E7B}.Debug|iPhone.Build.0 = Debug|Any CPU
		{0349403A-758D-41C6-B308-CA9F6B540E7B}.Debug|iPhoneSimulator.ActiveCfg = Debug|Any CPU
		{0349403A-758D-41C6-B308-CA9F6B540E7B}.Debug|iPhoneSimulator.Build.0 = Debug|Any CPU
		{0349403A-758D-41C6-B308-CA9F6B540E7B}.Release|Any CPU.ActiveCfg = Release|Any CPU
		{0349403A-758D-41C6-B308-CA9F6B540E7B}.Release|Any CPU.Build.0 = Release|Any CPU
		{0349403A-758D-41C6-B308-CA9F6B540E7B}.Release|iPhone.ActiveCfg = Release|Any CPU
		{0349403A-758D-41C6-B308-CA9F6B540E7B}.Release|iPhone.Build.0 = Release|Any CPU
		{0349403A-758D-41C6-B308-CA9F6B540E7B}.Release|iPhoneSimulator.ActiveCfg = Release|Any CPU
		{0349403A-758D-41C6-B308-CA9F6B540E7B}.Release|iPhoneSimulator.Build.0 = Release|Any CPU
		{8953CDFB-BDA6-4753-8DA5-AA7BD00B942E}.Ad-Hoc|Any CPU.ActiveCfg = Release|Any CPU
		{8953CDFB-BDA6-4753-8DA5-AA7BD00B942E}.Ad-Hoc|Any CPU.Build.0 = Release|Any CPU
		{8953CDFB-BDA6-4753-8DA5-AA7BD00B942E}.Ad-Hoc|iPhone.ActiveCfg = Release|Any CPU
		{8953CDFB-BDA6-4753-8DA5-AA7BD00B942E}.Ad-Hoc|iPhone.Build.0 = Release|Any CPU
		{8953CDFB-BDA6-4753-8DA5-AA7BD00B942E}.Ad-Hoc|iPhoneSimulator.ActiveCfg = Release|Any CPU
		{8953CDFB-BDA6-4753-8DA5-AA7BD00B942E}.Ad-Hoc|iPhoneSimulator.Build.0 = Release|Any CPU
		{8953CDFB-BDA6-4753-8DA5-AA7BD00B942E}.AppStore|Any CPU.ActiveCfg = Release|Any CPU
		{8953CDFB-BDA6-4753-8DA5-AA7BD00B942E}.AppStore|Any CPU.Build.0 = Release|Any CPU
		{8953CDFB-BDA6-4753-8DA5-AA7BD00B942E}.AppStore|iPhone.ActiveCfg = Release|Any CPU
		{8953CDFB-BDA6-4753-8DA5-AA7BD00B942E}.AppStore|iPhone.Build.0 = Release|Any CPU
		{8953CDFB-BDA6-4753-8DA5-AA7BD00B942E}.AppStore|iPhoneSimulator.ActiveCfg = Release|Any CPU
		{8953CDFB-BDA6-4753-8DA5-AA7BD00B942E}.AppStore|iPhoneSimulator.Build.0 = Release|Any CPU
		{8953CDFB-BDA6-4753-8DA5-AA7BD00B942E}.Debug|Any CPU.ActiveCfg = Debug|Any CPU
		{8953CDFB-BDA6-4753-8DA5-AA7BD00B942E}.Debug|Any CPU.Build.0 = Debug|Any CPU
		{8953CDFB-BDA6-4753-8DA5-AA7BD00B942E}.Debug|iPhone.ActiveCfg = Debug|Any CPU
		{8953CDFB-BDA6-4753-8DA5-AA7BD00B942E}.Debug|iPhone.Build.0 = Debug|Any CPU
		{8953CDFB-BDA6-4753-8DA5-AA7BD00B942E}.Debug|iPhoneSimulator.ActiveCfg = Debug|Any CPU
		{8953CDFB-BDA6-4753-8DA5-AA7BD00B942E}.Debug|iPhoneSimulator.Build.0 = Debug|Any CPU
		{8953CDFB-BDA6-4753-8DA5-AA7BD00B942E}.Release|Any CPU.ActiveCfg = Release|Any CPU
		{8953CDFB-BDA6-4753-8DA5-AA7BD00B942E}.Release|Any CPU.Build.0 = Release|Any CPU
		{8953CDFB-BDA6-4753-8DA5-AA7BD00B942E}.Release|iPhone.ActiveCfg = Release|Any CPU
		{8953CDFB-BDA6-4753-8DA5-AA7BD00B942E}.Release|iPhone.Build.0 = Release|Any CPU
		{8953CDFB-BDA6-4753-8DA5-AA7BD00B942E}.Release|iPhoneSimulator.ActiveCfg = Release|Any CPU
		{8953CDFB-BDA6-4753-8DA5-AA7BD00B942E}.Release|iPhoneSimulator.Build.0 = Release|Any CPU
		{AA4E04F0-3E7B-4E85-B1C6-8AC087662EF1}.Ad-Hoc|Any CPU.ActiveCfg = Release|Any CPU
		{AA4E04F0-3E7B-4E85-B1C6-8AC087662EF1}.Ad-Hoc|Any CPU.Build.0 = Release|Any CPU
		{AA4E04F0-3E7B-4E85-B1C6-8AC087662EF1}.Ad-Hoc|iPhone.ActiveCfg = Release|Any CPU
		{AA4E04F0-3E7B-4E85-B1C6-8AC087662EF1}.Ad-Hoc|iPhone.Build.0 = Release|Any CPU
		{AA4E04F0-3E7B-4E85-B1C6-8AC087662EF1}.Ad-Hoc|iPhoneSimulator.ActiveCfg = Release|Any CPU
		{AA4E04F0-3E7B-4E85-B1C6-8AC087662EF1}.Ad-Hoc|iPhoneSimulator.Build.0 = Release|Any CPU
		{AA4E04F0-3E7B-4E85-B1C6-8AC087662EF1}.AppStore|Any CPU.ActiveCfg = Release|Any CPU
		{AA4E04F0-3E7B-4E85-B1C6-8AC087662EF1}.AppStore|Any CPU.Build.0 = Release|Any CPU
		{AA4E04F0-3E7B-4E85-B1C6-8AC087662EF1}.AppStore|iPhone.ActiveCfg = Release|Any CPU
		{AA4E04F0-3E7B-4E85-B1C6-8AC087662EF1}.AppStore|iPhone.Build.0 = Release|Any CPU
		{AA4E04F0-3E7B-4E85-B1C6-8AC087662EF1}.AppStore|iPhoneSimulator.ActiveCfg = Release|Any CPU
		{AA4E04F0-3E7B-4E85-B1C6-8AC087662EF1}.AppStore|iPhoneSimulator.Build.0 = Release|Any CPU
		{AA4E04F0-3E7B-4E85-B1C6-8AC087662EF1}.Debug|Any CPU.ActiveCfg = Debug|Any CPU
		{AA4E04F0-3E7B-4E85-B1C6-8AC087662EF1}.Debug|Any CPU.Build.0 = Debug|Any CPU
		{AA4E04F0-3E7B-4E85-B1C6-8AC087662EF1}.Debug|iPhone.ActiveCfg = Debug|Any CPU
		{AA4E04F0-3E7B-4E85-B1C6-8AC087662EF1}.Debug|iPhone.Build.0 = Debug|Any CPU
		{AA4E04F0-3E7B-4E85-B1C6-8AC087662EF1}.Debug|iPhoneSimulator.ActiveCfg = Debug|Any CPU
		{AA4E04F0-3E7B-4E85-B1C6-8AC087662EF1}.Debug|iPhoneSimulator.Build.0 = Debug|Any CPU
		{AA4E04F0-3E7B-4E85-B1C6-8AC087662EF1}.Release|Any CPU.ActiveCfg = Release|Any CPU
		{AA4E04F0-3E7B-4E85-B1C6-8AC087662EF1}.Release|Any CPU.Build.0 = Release|Any CPU
		{AA4E04F0-3E7B-4E85-B1C6-8AC087662EF1}.Release|iPhone.ActiveCfg = Release|Any CPU
		{AA4E04F0-3E7B-4E85-B1C6-8AC087662EF1}.Release|iPhone.Build.0 = Release|Any CPU
		{AA4E04F0-3E7B-4E85-B1C6-8AC087662EF1}.Release|iPhoneSimulator.ActiveCfg = Release|Any CPU
		{AA4E04F0-3E7B-4E85-B1C6-8AC087662EF1}.Release|iPhoneSimulator.Build.0 = Release|Any CPU
		{51E4DB26-7D3B-4666-897C-FB58C89F084F}.Ad-Hoc|Any CPU.ActiveCfg = Release|Any CPU
		{51E4DB26-7D3B-4666-897C-FB58C89F084F}.Ad-Hoc|Any CPU.Build.0 = Release|Any CPU
		{51E4DB26-7D3B-4666-897C-FB58C89F084F}.Ad-Hoc|iPhone.ActiveCfg = Release|Any CPU
		{51E4DB26-7D3B-4666-897C-FB58C89F084F}.Ad-Hoc|iPhone.Build.0 = Release|Any CPU
		{51E4DB26-7D3B-4666-897C-FB58C89F084F}.Ad-Hoc|iPhoneSimulator.ActiveCfg = Release|Any CPU
		{51E4DB26-7D3B-4666-897C-FB58C89F084F}.Ad-Hoc|iPhoneSimulator.Build.0 = Release|Any CPU
		{51E4DB26-7D3B-4666-897C-FB58C89F084F}.AppStore|Any CPU.ActiveCfg = Release|Any CPU
		{51E4DB26-7D3B-4666-897C-FB58C89F084F}.AppStore|Any CPU.Build.0 = Release|Any CPU
		{51E4DB26-7D3B-4666-897C-FB58C89F084F}.AppStore|iPhone.ActiveCfg = Release|Any CPU
		{51E4DB26-7D3B-4666-897C-FB58C89F084F}.AppStore|iPhone.Build.0 = Release|Any CPU
		{51E4DB26-7D3B-4666-897C-FB58C89F084F}.AppStore|iPhoneSimulator.ActiveCfg = Release|Any CPU
		{51E4DB26-7D3B-4666-897C-FB58C89F084F}.AppStore|iPhoneSimulator.Build.0 = Release|Any CPU
		{51E4DB26-7D3B-4666-897C-FB58C89F084F}.Debug|Any CPU.ActiveCfg = Debug|Any CPU
		{51E4DB26-7D3B-4666-897C-FB58C89F084F}.Debug|Any CPU.Build.0 = Debug|Any CPU
		{51E4DB26-7D3B-4666-897C-FB58C89F084F}.Debug|iPhone.ActiveCfg = Debug|Any CPU
		{51E4DB26-7D3B-4666-897C-FB58C89F084F}.Debug|iPhone.Build.0 = Debug|Any CPU
		{51E4DB26-7D3B-4666-897C-FB58C89F084F}.Debug|iPhoneSimulator.ActiveCfg = Debug|Any CPU
		{51E4DB26-7D3B-4666-897C-FB58C89F084F}.Debug|iPhoneSimulator.Build.0 = Debug|Any CPU
		{51E4DB26-7D3B-4666-897C-FB58C89F084F}.Release|Any CPU.ActiveCfg = Release|Any CPU
		{51E4DB26-7D3B-4666-897C-FB58C89F084F}.Release|Any CPU.Build.0 = Release|Any CPU
		{51E4DB26-7D3B-4666-897C-FB58C89F084F}.Release|iPhone.ActiveCfg = Release|Any CPU
		{51E4DB26-7D3B-4666-897C-FB58C89F084F}.Release|iPhone.Build.0 = Release|Any CPU
		{51E4DB26-7D3B-4666-897C-FB58C89F084F}.Release|iPhoneSimulator.ActiveCfg = Release|Any CPU
		{51E4DB26-7D3B-4666-897C-FB58C89F084F}.Release|iPhoneSimulator.Build.0 = Release|Any CPU
		{0B287578-A6D1-4ECC-9DA9-B5C85FC01EB8}.Ad-Hoc|Any CPU.ActiveCfg = Release|Any CPU
		{0B287578-A6D1-4ECC-9DA9-B5C85FC01EB8}.Ad-Hoc|Any CPU.Build.0 = Release|Any CPU
		{0B287578-A6D1-4ECC-9DA9-B5C85FC01EB8}.Ad-Hoc|iPhone.ActiveCfg = Release|Any CPU
		{0B287578-A6D1-4ECC-9DA9-B5C85FC01EB8}.Ad-Hoc|iPhone.Build.0 = Release|Any CPU
		{0B287578-A6D1-4ECC-9DA9-B5C85FC01EB8}.Ad-Hoc|iPhoneSimulator.ActiveCfg = Release|Any CPU
		{0B287578-A6D1-4ECC-9DA9-B5C85FC01EB8}.Ad-Hoc|iPhoneSimulator.Build.0 = Release|Any CPU
		{0B287578-A6D1-4ECC-9DA9-B5C85FC01EB8}.AppStore|Any CPU.ActiveCfg = Release|Any CPU
		{0B287578-A6D1-4ECC-9DA9-B5C85FC01EB8}.AppStore|Any CPU.Build.0 = Release|Any CPU
		{0B287578-A6D1-4ECC-9DA9-B5C85FC01EB8}.AppStore|iPhone.ActiveCfg = Release|Any CPU
		{0B287578-A6D1-4ECC-9DA9-B5C85FC01EB8}.AppStore|iPhone.Build.0 = Release|Any CPU
		{0B287578-A6D1-4ECC-9DA9-B5C85FC01EB8}.AppStore|iPhoneSimulator.ActiveCfg = Release|Any CPU
		{0B287578-A6D1-4ECC-9DA9-B5C85FC01EB8}.AppStore|iPhoneSimulator.Build.0 = Release|Any CPU
		{0B287578-A6D1-4ECC-9DA9-B5C85FC01EB8}.Debug|Any CPU.ActiveCfg = Debug|Any CPU
		{0B287578-A6D1-4ECC-9DA9-B5C85FC01EB8}.Debug|Any CPU.Build.0 = Debug|Any CPU
		{0B287578-A6D1-4ECC-9DA9-B5C85FC01EB8}.Debug|iPhone.ActiveCfg = Debug|Any CPU
		{0B287578-A6D1-4ECC-9DA9-B5C85FC01EB8}.Debug|iPhone.Build.0 = Debug|Any CPU
		{0B287578-A6D1-4ECC-9DA9-B5C85FC01EB8}.Debug|iPhoneSimulator.ActiveCfg = Debug|Any CPU
		{0B287578-A6D1-4ECC-9DA9-B5C85FC01EB8}.Debug|iPhoneSimulator.Build.0 = Debug|Any CPU
		{0B287578-A6D1-4ECC-9DA9-B5C85FC01EB8}.Release|Any CPU.ActiveCfg = Release|Any CPU
		{0B287578-A6D1-4ECC-9DA9-B5C85FC01EB8}.Release|Any CPU.Build.0 = Release|Any CPU
		{0B287578-A6D1-4ECC-9DA9-B5C85FC01EB8}.Release|iPhone.ActiveCfg = Release|Any CPU
		{0B287578-A6D1-4ECC-9DA9-B5C85FC01EB8}.Release|iPhone.Build.0 = Release|Any CPU
		{0B287578-A6D1-4ECC-9DA9-B5C85FC01EB8}.Release|iPhoneSimulator.ActiveCfg = Release|Any CPU
		{0B287578-A6D1-4ECC-9DA9-B5C85FC01EB8}.Release|iPhoneSimulator.Build.0 = Release|Any CPU
	EndGlobalSection
	GlobalSection(SolutionProperties) = preSolution
		HideSolutionNode = FALSE
	EndGlobalSection
	GlobalSection(NestedProjects) = preSolution
		{8953CDFB-BDA6-4753-8DA5-AA7BD00B942E} = {357FF356-22CB-4A6A-90EA-7CDDC64F5FDF}
		{AA4E04F0-3E7B-4E85-B1C6-8AC087662EF1} = {357FF356-22CB-4A6A-90EA-7CDDC64F5FDF}
		{51E4DB26-7D3B-4666-897C-FB58C89F084F} = {357FF356-22CB-4A6A-90EA-7CDDC64F5FDF}
		{0B287578-A6D1-4ECC-9DA9-B5C85FC01EB8} = {357FF356-22CB-4A6A-90EA-7CDDC64F5FDF}
		{60966676-7A18-4295-96E7-92295F8A61E6} = {357FF356-22CB-4A6A-90EA-7CDDC64F5FDF}
	EndGlobalSection
	GlobalSection(ExtensibilityGlobals) = postSolution
		SolutionGuid = {82276BFA-AF14-4913-A852-1FDF8C3E3826}
	EndGlobalSection
EndGlobal
