
Microsoft Visual Studio Solution File, Format Version 12.00
# Visual Studio 15
VisualStudioVersion = 15.0.27130.2026
MinimumVisualStudioVersion = 10.0.40219.1
Project("{FAE04EC0-301F-11D3-BF4B-00C04F79EFBC}") = "AppShortcutsTests.Android", "AppShortcutsTests.Android\AppShortcutsTests.Android.csproj", "{B63F1317-6FE7-4361-B141-2AF47694E2FE}"
EndProject
Project("{FAE04EC0-301F-11D3-BF4B-00C04F79EFBC}") = "AppShortcutsTests.iOS", "AppShortcutsTests.iOS\AppShortcutsTests.iOS.csproj", "{34659554-ACCD-4DD1-A96D-88F264AA9405}"
EndProject
Project("{FAE04EC0-301F-11D3-BF4B-00C04F79EFBC}") = "AppShortcutsTests", "AppShortcutsTests\AppShortcutsTests.csproj", "{0349403A-758D-41C6-B308-CA9F6B540E7B}"
EndProject
Global
	GlobalSection(SolutionConfigurationPlatforms) = preSolution
		Ad-Hoc|Any CPU = Ad-Hoc|Any CPU
		Ad-Hoc|iPhone = Ad-Hoc|iPhone
		Ad-Hoc|iPhoneSimulator = Ad-Hoc|iPhoneSimulator
		AppStore|Any CPU = AppStore|Any CPU
		AppStore|iPhone = AppStore|iPhone
		AppStore|iPhoneSimulator = AppStore|iPhoneSimulator
		Debug|Any CPU = Debug|Any CPU
		Debug|iPhone = Debug|iPhone
		Debug|iPhoneSimulator = Debug|iPhoneSimulator
		Release|Any CPU = Release|Any CPU
		Release|iPhone = Release|iPhone
		Release|iPhoneSimulator = Release|iPhoneSimulator
	EndGlobalSection
	GlobalSection(ProjectConfigurationPlatforms) = postSolution
		{B63F1317-6FE7-4361-B141-2AF47694E2FE}.Ad-Hoc|Any CPU.ActiveCfg = Release|Any CPU
		{B63F1317-6FE7-4361-B141-2AF47694E2FE}.Ad-Hoc|Any CPU.Build.0 = Release|Any CPU
		{B63F1317-6FE7-4361-B141-2AF47694E2FE}.Ad-Hoc|Any CPU.Deploy.0 = Release|Any CPU
		{B63F1317-6FE7-4361-B141-2AF47694E2FE}.Ad-Hoc|iPhone.ActiveCfg = Release|Any CPU
		{B63F1317-6FE7-4361-B141-2AF47694E2FE}.Ad-Hoc|iPhone.Build.0 = Release|Any CPU
		{B63F1317-6FE7-4361-B141-2AF47694E2FE}.Ad-Hoc|iPhone.Deploy.0 = Release|Any CPU
		{B63F1317-6FE7-4361-B141-2AF47694E2FE}.Ad-Hoc|iPhoneSimulator.ActiveCfg = Release|Any CPU
		{B63F1317-6FE7-4361-B141-2AF47694E2FE}.Ad-Hoc|iPhoneSimulator.Build.0 = Release|Any CPU
		{B63F1317-6FE7-4361-B141-2AF47694E2FE}.Ad-Hoc|iPhoneSimulator.Deploy.0 = Release|Any CPU
		{B63F1317-6FE7-4361-B141-2AF47694E2FE}.AppStore|Any CPU.ActiveCfg = Release|Any CPU
		{B63F1317-6FE7-4361-B141-2AF47694E2FE}.AppStore|Any CPU.Build.0 = Release|Any CPU
		{B63F1317-6FE7-4361-B141-2AF47694E2FE}.AppStore|Any CPU.Deploy.0 = Release|Any CPU
		{B63F1317-6FE7-4361-B141-2AF47694E2FE}.AppStore|iPhone.ActiveCfg = Release|Any CPU
		{B63F1317-6FE7-4361-B141-2AF47694E2FE}.AppStore|iPhone.Build.0 = Release|Any CPU
		{B63F1317-6FE7-4361-B141-2AF47694E2FE}.AppStore|iPhone.Deploy.0 = Release|Any CPU
		{B63F1317-6FE7-4361-B141-2AF47694E2FE}.AppStore|iPhoneSimulator.ActiveCfg = Release|Any CPU
		{B63F1317-6FE7-4361-B141-2AF47694E2FE}.AppStore|iPhoneSimulator.Build.0 = Release|Any CPU
		{B63F1317-6FE7-4361-B141-2AF47694E2FE}.AppStore|iPhoneSimulator.Deploy.0 = Release|Any CPU
		{B63F1317-6FE7-4361-B141-2AF47694E2FE}.Debug|Any CPU.ActiveCfg = Debug|Any CPU
		{B63F1317-6FE7-4361-B141-2AF47694E2FE}.Debug|Any CPU.Build.0 = Debug|Any CPU
		{B63F1317-6FE7-4361-B141-2AF47694E2FE}.Debug|Any CPU.Deploy.0 = Debug|Any CPU
		{B63F1317-6FE7-4361-B141-2AF47694E2FE}.Debug|iPhone.ActiveCfg = Debug|Any CPU
		{B63F1317-6FE7-4361-B141-2AF47694E2FE}.Debug|iPhone.Build.0 = Debug|Any CPU
		{B63F1317-6FE7-4361-B141-2AF47694E2FE}.Debug|iPhone.Deploy.0 = Debug|Any CPU
		{B63F1317-6FE7-4361-B141-2AF47694E2FE}.Debug|iPhoneSimulator.ActiveCfg = Debug|Any CPU
		{B63F1317-6FE7-4361-B141-2AF47694E2FE}.Debug|iPhoneSimulator.Build.0 = Debug|Any CPU
		{B63F1317-6FE7-4361-B141-2AF47694E2FE}.Debug|iPhoneSimulator.Deploy.0 = Debug|Any CPU
		{B63F1317-6FE7-4361-B141-2AF47694E2FE}.Release|Any CPU.ActiveCfg = Release|Any CPU
		{B63F1317-6FE7-4361-B141-2AF47694E2FE}.Release|Any CPU.Build.0 = Release|Any CPU
		{B63F1317-6FE7-4361-B141-2AF47694E2FE}.Release|Any CPU.Deploy.0 = Release|Any CPU
		{B63F1317-6FE7-4361-B141-2AF47694E2FE}.Release|iPhone.ActiveCfg = Release|Any CPU
		{B63F1317-6FE7-4361-B141-2AF47694E2FE}.Release|iPhone.Build.0 = Release|Any CPU
		{B63F1317-6FE7-4361-B141-2AF47694E2FE}.Release|iPhone.Deploy.0 = Release|Any CPU
		{B63F1317-6FE7-4361-B141-2AF47694E2FE}.Release|iPhoneSimulator.ActiveCfg = Release|Any CPU
		{B63F1317-6FE7-4361-B141-2AF47694E2FE}.Release|iPhoneSimulator.Build.0 = Release|Any CPU
		{B63F1317-6FE7-4361-B141-2AF47694E2FE}.Release|iPhoneSimulator.Deploy.0 = Release|Any CPU
		{34659554-ACCD-4DD1-A96D-88F264AA9405}.Ad-Hoc|Any CPU.ActiveCfg = Ad-Hoc|iPhone
		{34659554-ACCD-4DD1-A96D-88F264AA9405}.Ad-Hoc|iPhone.ActiveCfg = Ad-Hoc|iPhone
		{34659554-ACCD-4DD1-A96D-88F264AA9405}.Ad-Hoc|iPhone.Build.0 = Ad-Hoc|iPhone
		{34659554-ACCD-4DD1-A96D-88F264AA9405}.Ad-Hoc|iPhoneSimulator.ActiveCfg = Ad-Hoc|iPhoneSimulator
		{34659554-ACCD-4DD1-A96D-88F264AA9405}.Ad-Hoc|iPhoneSimulator.Build.0 = Ad-Hoc|iPhoneSimulator
		{34659554-ACCD-4DD1-A96D-88F264AA9405}.AppStore|Any CPU.ActiveCfg = AppStore|iPhone
		{34659554-ACCD-4DD1-A96D-88F264AA9405}.AppStore|iPhone.ActiveCfg = AppStore|iPhone
		{34659554-ACCD-4DD1-A96D-88F264AA9405}.AppStore|iPhone.Build.0 = AppStore|iPhone
		{34659554-ACCD-4DD1-A96D-88F264AA9405}.AppStore|iPhoneSimulator.ActiveCfg = AppStore|iPhoneSimulator
		{34659554-ACCD-4DD1-A96D-88F264AA9405}.AppStore|iPhoneSimulator.Build.0 = AppStore|iPhoneSimulator
		{34659554-ACCD-4DD1-A96D-88F264AA9405}.Debug|Any CPU.ActiveCfg = Debug|iPhone
		{34659554-ACCD-4DD1-A96D-88F264AA9405}.Debug|iPhone.ActiveCfg = Debug|iPhone
		{34659554-ACCD-4DD1-A96D-88F264AA9405}.Debug|iPhone.Build.0 = Debug|iPhone
		{34659554-ACCD-4DD1-A96D-88F264AA9405}.Debug|iPhoneSimulator.ActiveCfg = Debug|iPhoneSimulator
		{34659554-ACCD-4DD1-A96D-88F264AA9405}.Debug|iPhoneSimulator.Build.0 = Debug|iPhoneSimulator
		{34659554-ACCD-4DD1-A96D-88F264AA9405}.Release|Any CPU.ActiveCfg = Release|iPhone
		{34659554-ACCD-4DD1-A96D-88F264AA9405}.Release|iPhone.ActiveCfg = Release|iPhone
		{34659554-ACCD-4DD1-A96D-88F264AA9405}.Release|iPhone.Build.0 = Release|iPhone
		{34659554-ACCD-4DD1-A96D-88F264AA9405}.Release|iPhoneSimulator.ActiveCfg = Release|iPhoneSimulator
		{34659554-ACCD-4DD1-A96D-88F264AA9405}.Release|iPhoneSimulator.Build.0 = Release|iPhoneSimulator
		{0349403A-758D-41C6-B308-CA9F6B540E7B}.Ad-Hoc|Any CPU.ActiveCfg = Debug|Any CPU
		{0349403A-758D-41C6-B308-CA9F6B540E7B}.Ad-Hoc|Any CPU.Build.0 = Debug|Any CPU
		{0349403A-758D-41C6-B308-CA9F6B540E7B}.Ad-Hoc|iPhone.ActiveCfg = Debug|Any CPU
		{0349403A-758D-41C6-B308-CA9F6B540E7B}.Ad-Hoc|iPhone.Build.0 = Debug|Any CPU
		{0349403A-758D-41C6-B308-CA9F6B540E7B}.Ad-Hoc|iPhoneSimulator.ActiveCfg = Debug|Any CPU
		{0349403A-758D-41C6-B308-CA9F6B540E7B}.Ad-Hoc|iPhoneSimulator.Build.0 = Debug|Any CPU
		{0349403A-758D-41C6-B308-CA9F6B540E7B}.AppStore|Any CPU.ActiveCfg = Debug|Any CPU
		{0349403A-758D-41C6-B308-CA9F6B540E7B}.AppStore|Any CPU.Build.0 = Debug|Any CPU
		{0349403A-758D-41C6-B308-CA9F6B540E7B}.AppStore|iPhone.ActiveCfg = Debug|Any CPU
		{0349403A-758D-41C6-B308-CA9F6B540E7B}.AppStore|iPhone.Build.0 = Debug|Any CPU
		{0349403A-758D-41C6-B308-CA9F6B540E7B}.AppStore|iPhoneSimulator.ActiveCfg = Debug|Any CPU
		{0349403A-758D-41C6-B308-CA9F6B540E7B}.AppStore|iPhoneSimulator.Build.0 = Debug|Any CPU
		{0349403A-758D-41C6-B308-CA9F6B540E7B}.Debug|Any CPU.ActiveCfg = Debug|Any CPU
		{0349403A-758D-41C6-B308-CA9F6B540E7B}.Debug|Any CPU.Build.0 = Debug|Any CPU
		{0349403A-758D-41C6-B308-CA9F6B540E7B}.Debug|iPhone.ActiveCfg = Debug|Any CPU
		{0349403A-758D-41C6-B308-CA9F6B540E7B}.Debug|iPhone.Build.0 = Debug|Any CPU
		{0349403A-758D-41C6-B308-CA9F6B540E7B}.Debug|iPhoneSimulator.ActiveCfg = Debug|Any CPU
		{0349403A-758D-41C6-B308-CA9F6B540E7B}.Debug|iPhoneSimulator.Build.0 = Debug|Any CPU
		{0349403A-758D-41C6-B308-CA9F6B540E7B}.Release|Any CPU.ActiveCfg = Release|Any CPU
		{0349403A-758D-41C6-B308-CA9F6B540E7B}.Release|Any CPU.Build.0 = Release|Any CPU
		{0349403A-758D-41C6-B308-CA9F6B540E7B}.Release|iPhone.ActiveCfg = Release|Any CPU
		{0349403A-758D-41C6-B308-CA9F6B540E7B}.Release|iPhone.Build.0 = Release|Any CPU
		{0349403A-758D-41C6-B308-CA9F6B540E7B}.Release|iPhoneSimulator.ActiveCfg = Release|Any CPU
		{0349403A-758D-41C6-B308-CA9F6B540E7B}.Release|iPhoneSimulator.Build.0 = Release|Any CPU
	EndGlobalSection
	GlobalSection(SolutionProperties) = preSolution
		HideSolutionNode = FALSE
	EndGlobalSection
	GlobalSection(ExtensibilityGlobals) = postSolution
		SolutionGuid = {82276BFA-AF14-4913-A852-1FDF8C3E3826}
	EndGlobalSection
EndGlobal
