Microsoft Visual Studio Solution File, Format Version 12.00
# Visual Studio 15
VisualStudioVersion = 15.0.27130.2027
MinimumVisualStudioVersion = 10.0.40219.1
Project("{9A19103F-16F7-4668-BE54-9A1E7A4F7556}") = "Plugin.AppShortcuts", "Plugin.AppShortcuts\Plugin.AppShortcuts.csproj", "{2C85920D-B430-4BBD-9C16-63DD93E6EA74}"
EndProject
Global
	GlobalSection(SolutionConfigurationPlatforms) = preSolution
		Debug|Any CPU = Debug|Any CPU
		Debug|ARM = Debug|ARM
		Debug|x64 = Debug|x64
		Debug|x86 = Debug|x86
		MixedPlatform|Any CPU = MixedPlatform|Any CPU
		MixedPlatform|ARM = MixedPlatform|ARM
		MixedPlatform|x64 = MixedPlatform|x64
		MixedPlatform|x86 = MixedPlatform|x86
		Release|Any CPU = Release|Any CPU
		Release|ARM = Release|ARM
		Release|x64 = Release|x64
		Release|x86 = Release|x86
	EndGlobalSection
	GlobalSection(ProjectConfigurationPlatforms) = postSolution
		{2C85920D-B430-4BBD-9C16-63DD93E6EA74}.Debug|Any CPU.ActiveCfg = Debug|Any CPU
		{2C85920D-B430-4BBD-9C16-63DD93E6EA74}.Debug|Any CPU.Build.0 = Debug|Any CPU
		{2C85920D-B430-4BBD-9C16-63DD93E6EA74}.Debug|ARM.ActiveCfg = Debug|Any CPU
		{2C85920D-B430-4BBD-9C16-63DD93E6EA74}.Debug|ARM.Build.0 = Debug|Any CPU
		{2C85920D-B430-4BBD-9C16-63DD93E6EA74}.Debug|x64.ActiveCfg = Debug|Any CPU
		{2C85920D-B430-4BBD-9C16-63DD93E6EA74}.Debug|x64.Build.0 = Debug|Any CPU
		{2C85920D-B430-4BBD-9C16-63DD93E6EA74}.Debug|x86.ActiveCfg = Debug|Any CPU
		{2C85920D-B430-4BBD-9C16-63DD93E6EA74}.Debug|x86.Build.0 = Debug|Any CPU
		{2C85920D-B430-4BBD-9C16-63DD93E6EA74}.MixedPlatform|Any CPU.ActiveCfg = Debug|Any CPU
		{2C85920D-B430-4BBD-9C16-63DD93E6EA74}.MixedPlatform|Any CPU.Build.0 = Debug|Any CPU
		{2C85920D-B430-4BBD-9C16-63DD93E6EA74}.MixedPlatform|ARM.ActiveCfg = Release|Any CPU
		{2C85920D-B430-4BBD-9C16-63DD93E6EA74}.MixedPlatform|ARM.Build.0 = Release|Any CPU
		{2C85920D-B430-4BBD-9C16-63DD93E6EA74}.MixedPlatform|x64.ActiveCfg = Release|Any CPU
		{2C85920D-B430-4BBD-9C16-63DD93E6EA74}.MixedPlatform|x64.Build.0 = Release|Any CPU
		{2C85920D-B430-4BBD-9C16-63DD93E6EA74}.MixedPlatform|x86.ActiveCfg = Release|Any CPU
		{2C85920D-B430-4BBD-9C16-63DD93E6EA74}.MixedPlatform|x86.Build.0 = Release|Any CPU
		{2C85920D-B430-4BBD-9C16-63DD93E6EA74}.Release|Any CPU.ActiveCfg = Release|Any CPU
		{2C85920D-B430-4BBD-9C16-63DD93E6EA74}.Release|Any CPU.Build.0 = Release|Any CPU
		{2C85920D-B430-4BBD-9C16-63DD93E6EA74}.Release|ARM.ActiveCfg = Release|Any CPU
		{2C85920D-B430-4BBD-9C16-63DD93E6EA74}.Release|ARM.Build.0 = Release|Any CPU
		{2C85920D-B430-4BBD-9C16-63DD93E6EA74}.Release|x64.ActiveCfg = Release|Any CPU
		{2C85920D-B430-4BBD-9C16-63DD93E6EA74}.Release|x64.Build.0 = Release|Any CPU
		{2C85920D-B430-4BBD-9C16-63DD93E6EA74}.Release|x86.ActiveCfg = Release|Any CPU
		{2C85920D-B430-4BBD-9C16-63DD93E6EA74}.Release|x86.Build.0 = Release|Any CPU
	EndGlobalSection
	GlobalSection(SolutionProperties) = preSolution
		HideSolutionNode = FALSE
	EndGlobalSection
	GlobalSection(ExtensibilityGlobals) = postSolution
		SolutionGuid = {E54E2F67-EC29-4A0E-98C3-940AEA387BC5}
	EndGlobalSection
EndGlobal
